
Microsoft Visual Studio Solution File, Format Version 12.00
# Visual Studio 15
VisualStudioVersion = 15.0.27703.2035
MinimumVisualStudioVersion = 10.0.40219.1
Project("{FAE04EC0-301F-11D3-BF4B-00C04F79EFBC}") = "opengl-ui", "opengl-ui\opengl-ui.csproj", "{A39E6890-FA98-4276-9644-DF099A4C7E3F}"
EndProject
Global
	GlobalSection(SolutionConfigurationPlatforms) = preSolution
		Debug|Any CPU = Debug|Any CPU
		Release|Any CPU = Release|Any CPU
	EndGlobalSection
	GlobalSection(ProjectConfigurationPlatforms) = postSolution
		{A39E6890-FA98-4276-9644-DF099A4C7E3F}.Debug|Any CPU.ActiveCfg = Debug|Any CPU
		{A39E6890-FA98-4276-9644-DF099A4C7E3F}.Debug|Any CPU.Build.0 = Debug|Any CPU
		{A39E6890-FA98-4276-9644-DF099A4C7E3F}.Release|Any CPU.ActiveCfg = Release|Any CPU
		{A39E6890-FA98-4276-9644-DF099A4C7E3F}.Release|Any CPU.Build.0 = Release|Any CPU
	EndGlobalSection
	GlobalSection(SolutionProperties) = preSolution
		HideSolutionNode = FALSE
	EndGlobalSection
	GlobalSection(ExtensibilityGlobals) = postSolution
		SolutionGuid = {9FAFFAAF-23F3-4F80-8DB6-EF4EBEFFFAFD}
	EndGlobalSection
EndGlobal
